schema: '2.0'
stages:
  data_ingestion:
    cmd: python src/data/data_ingestion.py
    deps:
    - path: src/data/data_ingestion.py
      hash: md5
      md5: 4f832836a88b1788a38af65ea463adff
      size: 2647
    outs:
    - path: data/raw
      hash: md5
      md5: 4abb8700534fddcb2d65f5ac5f46f81f.dir
      size: 1881530
      nfiles: 2
  data_preprocessing:
    cmd: python src/data/data_preprocessing.py
    deps:
    - path: data/raw
      hash: md5
      md5: 4abb8700534fddcb2d65f5ac5f46f81f.dir
      size: 1881530
      nfiles: 2
    - path: src/data/data_preprocessing.py
      hash: md5
      md5: d92a3299ef3a720628a1607e27d4da23
      size: 3262
    outs:
    - path: data/processed
      hash: md5
      md5: a4867a915c277ba4a8e4b91ff8f30f86.dir
      size: 1171548
      nfiles: 2
  model_building:
    cmd: python src/model/model_building.py
    deps:
    - path: data/processed
      hash: md5
      md5: a4867a915c277ba4a8e4b91ff8f30f86.dir
      size: 1171548
      nfiles: 2
    - path: src/model/model_building.py
      hash: md5
      md5: c1b68ab044ac0d083dce5dde0330ddce
      size: 5669
    outs:
    - path: model.pkl
      hash: md5
      md5: df6795d3eaa4857bfc9b4d8635bd85ac
      size: 6668988
  model_evaluation:
    cmd: python src/model/model_evaluation.py
    deps:
    - path: model.pkl
      hash: md5
      md5: df6795d3eaa4857bfc9b4d8635bd85ac
      size: 6668988
    - path: src/model/model_evaluation.py
      hash: md5
      md5: f0c8b0e817a51b95ffbdaa88cbc4d306
      size: 2882
    outs:
    - path: metrics.json
      hash: md5
      md5: 07abc917b33cf5f1ed68009cc72b7fc5
      size: 103
