schema: '2.0'
stages:
  data_ingestion:
    cmd: python src/data/data_ingestion.py
    deps:
    - path: src/data/data_ingestion.py
      hash: md5
      md5: 86a4c06e262e97152e711152deab0e51
      size: 1660
    outs:
    - path: data/raw
      hash: md5
      md5: 4abb8700534fddcb2d65f5ac5f46f81f.dir
      size: 1881530
      nfiles: 2
  data_preprocessing:
    cmd: python src/data/data_preprocessing.py
    deps:
    - path: data/raw
      hash: md5
      md5: 4abb8700534fddcb2d65f5ac5f46f81f.dir
      size: 1881530
      nfiles: 2
    - path: src/data/data_preprocessing.py
      hash: md5
      md5: 8d773aed5b1839b259d26313e8f47a2c
      size: 1711
    outs:
    - path: data/processed
      hash: md5
      md5: a4867a915c277ba4a8e4b91ff8f30f86.dir
      size: 1171548
      nfiles: 2
  model_building:
    cmd: python src/model/model_building.py
    deps:
    - path: data/processed
      hash: md5
      md5: a4867a915c277ba4a8e4b91ff8f30f86.dir
      size: 1171548
      nfiles: 2
    - path: src/model/model_building.py
      hash: md5
      md5: af094148658bb1497b9b94c26df9cee5
      size: 1207
    outs:
    - path: model.pkl
      hash: md5
      md5: 6878b8fcea3d4ab184903c45fc8966eb
      size: 150821655
  model_evaluation:
    cmd: python src/model/model_evaluation.py
    deps:
    - path: model.pkl
      hash: md5
      md5: 6878b8fcea3d4ab184903c45fc8966eb
      size: 150821655
    - path: src/model/model_evaluation.py
      hash: md5
      md5: ee285b63357c13ca4d0c447ca18d0f11
      size: 555
    outs:
    - path: metrics.json
      hash: md5
      md5: 1f56a94b25800b64a4297bbab96dc7f2
      size: 40
